
Microsoft Visual Studio Solution File, Format Version 12.00
# Visual Studio Version 17
VisualStudioVersion = 17.1.32319.34
MinimumVisualStudioVersion = 10.0.40219.1
Project("{9A19103F-16F7-4668-BE54-9A1E7A4F7556}") = "CalValEX", "CalValEX.csproj", "{ED1A3515-6EC5-4560-B77F-FD28698FA5C7}"
EndProject
Global
	GlobalSection(SolutionConfigurationPlatforms) = preSolution
		Debug|Any CPU = Debug|Any CPU
		Release|Any CPU = Release|Any CPU
	EndGlobalSection
	GlobalSection(ProjectConfigurationPlatforms) = postSolution
		{ED1A3515-6EC5-4560-B77F-FD28698FA5C7}.Debug|Any CPU.ActiveCfg = Debug|Any CPU
		{ED1A3515-6EC5-4560-B77F-FD28698FA5C7}.Debug|Any CPU.Build.0 = Debug|Any CPU
		{ED1A3515-6EC5-4560-B77F-FD28698FA5C7}.Release|Any CPU.ActiveCfg = Release|Any CPU
		{ED1A3515-6EC5-4560-B77F-FD28698FA5C7}.Release|Any CPU.Build.0 = Release|Any CPU
	EndGlobalSection
	GlobalSection(SolutionProperties) = preSolution
		HideSolutionNode = FALSE
	EndGlobalSection
	GlobalSection(ExtensibilityGlobals) = postSolution
		SolutionGuid = {AAFD198C-C7F5-4424-9C13-070B9F5FC6F8}
	EndGlobalSection
EndGlobal
